// !$*UTF8*$!
{
	archiveVersion = 1;
	classes = {
	};
	objectVersion = 56;
	objects = {

/* Begin PBXBuildFile section */
		370AAF2329C4FCDF00704074 /* Helvetica.ttc in Resources */ = {isa = PBXBuildFile; fileRef = 370AAF2229C4FCDF00704074 /* Helvetica.ttc */; };
		37794C4129C38F8D00B23E8A /* AppDelegate.swift in Sources */ = {isa = PBXBuildFile; fileRef = 37794C4029C38F8D00B23E8A /* AppDelegate.swift */; };
		37794C4329C38F8D00B23E8A /* SceneDelegate.swift in Sources */ = {isa = PBXBuildFile; fileRef = 37794C4229C38F8D00B23E8A /* SceneDelegate.swift */; };
		37794C4529C38F8D00B23E8A /* ViewController.swift in Sources */ = {isa = PBXBuildFile; fileRef = 37794C4429C38F8D00B23E8A /* ViewController.swift */; };
		37794C4829C38F8D00B23E8A /* Main.storyboard in Resources */ = {isa = PBXBuildFile; fileRef = 37794C4629C38F8D00B23E8A /* Main.storyboard */; };
		37794C4A29C38F8F00B23E8A /* Assets.xcassets in Resources */ = {isa = PBXBuildFile; fileRef = 37794C4929C38F8F00B23E8A /* Assets.xcassets */; };
		37794C4D29C38F8F00B23E8A /* LaunchScreen.storyboard in Resources */ = {isa = PBXBuildFile; fileRef = 37794C4B29C38F8F00B23E8A /* LaunchScreen.storyboard */; };
		37794C5629C490BF00B23E8A /* CSV in Frameworks */ = {isa = PBXBuildFile; productRef = 37794C5529C490BF00B23E8A /* CSV */; };
		37A2627729C92B49006E85F1 /* CHCSVParser.m in Sources */ = {isa = PBXBuildFile; fileRef = 37A2627529C92B49006E85F1 /* CHCSVParser.m */; };
/* End PBXBuildFile section */

/* Begin PBXFileReference section */
		370AAF2229C4FCDF00704074 /* Helvetica.ttc */ = {isa = PBXFileReference; lastKnownFileType = file; path = Helvetica.ttc; sourceTree = "<group>"; };
		37794C3D29C38F8D00B23E8A /* CoreLocashun.app */ = {isa = PBXFileReference; explicitFileType = wrapper.application; includeInIndex = 0; path = CoreLocashun.app; sourceTree = BUILT_PRODUCTS_DIR; };
		37794C4029C38F8D00B23E8A /* AppDelegate.swift */ = {isa = PBXFileReference; lastKnownFileType = sourcecode.swift; path = AppDelegate.swift; sourceTree = "<group>"; };
		37794C4229C38F8D00B23E8A /* SceneDelegate.swift */ = {isa = PBXFileReference; lastKnownFileType = sourcecode.swift; path = SceneDelegate.swift; sourceTree = "<group>"; };
		37794C4429C38F8D00B23E8A /* ViewController.swift */ = {isa = PBXFileReference; lastKnownFileType = sourcecode.swift; path = ViewController.swift; sourceTree = "<group>"; };
		37794C4729C38F8D00B23E8A /* Base */ = {isa = PBXFileReference; lastKnownFileType = file.storyboard; name = Base; path = Base.lproj/Main.storyboard; sourceTree = "<group>"; };
		37794C4929C38F8F00B23E8A /* Assets.xcassets */ = {isa = PBXFileReference; lastKnownFileType = folder.assetcatalog; path = Assets.xcassets; sourceTree = "<group>"; };
		37794C4C29C38F8F00B23E8A /* Base */ = {isa = PBXFileReference; lastKnownFileType = file.storyboard; name = Base; path = Base.lproj/LaunchScreen.storyboard; sourceTree = "<group>"; };
		37794C4E29C38F8F00B23E8A /* Info.plist */ = {isa = PBXFileReference; lastKnownFileType = text.plist.xml; path = Info.plist; sourceTree = "<group>"; };
		37A2627429C92B48006E85F1 /* CoreLocashun-Bridging-Header.h */ = {isa = PBXFileReference; lastKnownFileType = sourcecode.c.h; path = "CoreLocashun-Bridging-Header.h"; sourceTree = "<group>"; };
		37A2627529C92B49006E85F1 /* CHCSVParser.m */ = {isa = PBXFileReference; fileEncoding = 4; lastKnownFileType = sourcecode.c.objc; path = CHCSVParser.m; sourceTree = "<group>"; };
		37A2627629C92B49006E85F1 /* CHCSVParser.h */ = {isa = PBXFileReference; fileEncoding = 4; lastKnownFileType = sourcecode.c.h; path = CHCSVParser.h; sourceTree = "<group>"; };
/* End PBXFileReference section */

/* Begin PBXFrameworksBuildPhase section */
		37794C3A29C38F8D00B23E8A /* Frameworks */ = {
			isa = PBXFrameworksBuildPhase;
			buildActionMask = 2147483647;
			files = (
				37794C5629C490BF00B23E8A /* CSV in Frameworks */,
			);
			runOnlyForDeploymentPostprocessing = 0;
		};
/* End PBXFrameworksBuildPhase section */

/* Begin PBXGroup section */
		37794C3429C38F8D00B23E8A = {
			isa = PBXGroup;
			children = (
				37794C3F29C38F8D00B23E8A /* CoreLocashun */,
				37794C3E29C38F8D00B23E8A /* Products */,
			);
			sourceTree = "<group>";
		};
		37794C3E29C38F8D00B23E8A /* Products */ = {
			isa = PBXGroup;
			children = (
				37794C3D29C38F8D00B23E8A /* CoreLocashun.app */,
			);
			name = Products;
			sourceTree = "<group>";
		};
		37794C3F29C38F8D00B23E8A /* CoreLocashun */ = {
			isa = PBXGroup;
			children = (
				37794C4029C38F8D00B23E8A /* AppDelegate.swift */,
				37794C4229C38F8D00B23E8A /* SceneDelegate.swift */,
				37794C4429C38F8D00B23E8A /* ViewController.swift */,
				37A2627629C92B49006E85F1 /* CHCSVParser.h */,
				37A2627529C92B49006E85F1 /* CHCSVParser.m */,
				37794C4629C38F8D00B23E8A /* Main.storyboard */,
				37794C4929C38F8F00B23E8A /* Assets.xcassets */,
				37794C4B29C38F8F00B23E8A /* LaunchScreen.storyboard */,
				370AAF2229C4FCDF00704074 /* Helvetica.ttc */,
				37794C4E29C38F8F00B23E8A /* Info.plist */,
				37A2627429C92B48006E85F1 /* CoreLocashun-Bridging-Header.h */,
			);
			path = CoreLocashun;
			sourceTree = "<group>";
		};
/* End PBXGroup section */

/* Begin PBXNativeTarget section */
		37794C3C29C38F8D00B23E8A /* CoreLocashun */ = {
			isa = PBXNativeTarget;
			buildConfigurationList = 37794C5129C38F8F00B23E8A /* Build configuration list for PBXNativeTarget "CoreLocashun" */;
			buildPhases = (
				37794C3929C38F8D00B23E8A /* Sources */,
				37794C3A29C38F8D00B23E8A /* Frameworks */,
				37794C3B29C38F8D00B23E8A /* Resources */,
			);
			buildRules = (
			);
			dependencies = (
			);
			name = CoreLocashun;
			packageProductDependencies = (
				37794C5529C490BF00B23E8A /* CSV */,
			);
			productName = CoreLocashun;
			productReference = 37794C3D29C38F8D00B23E8A /* CoreLocashun.app */;
			productType = "com.apple.product-type.application";
		};
/* End PBXNativeTarget section */

/* Begin PBXProject section */
		37794C3529C38F8D00B23E8A /* Project object */ = {
			isa = PBXProject;
			attributes = {
				BuildIndependentTargetsInParallel = 1;
				LastSwiftUpdateCheck = 1410;
				LastUpgradeCheck = 1410;
				TargetAttributes = {
					37794C3C29C38F8D00B23E8A = {
						CreatedOnToolsVersion = 14.1;
						LastSwiftMigration = 1410;
					};
				};
			};
			buildConfigurationList = 37794C3829C38F8D00B23E8A /* Build configuration list for PBXProject "CoreLocashun" */;
			compatibilityVersion = "Xcode 14.0";
			developmentRegion = en;
			hasScannedForEncodings = 0;
			knownRegions = (
				en,
				Base,
			);
			mainGroup = 37794C3429C38F8D00B23E8A;
			packageReferences = (
				37794C5429C490BF00B23E8A /* XCRemoteSwiftPackageReference "CSV.swift" */,
			);
			productRefGroup = 37794C3E29C38F8D00B23E8A /* Products */;
			projectDirPath = "";
			projectRoot = "";
			targets = (
				37794C3C29C38F8D00B23E8A /* CoreLocashun */,
			);
		};
/* End PBXProject section */

/* Begin PBXResourcesBuildPhase section */
		37794C3B29C38F8D00B23E8A /* Resources */ = {
			isa = PBXResourcesBuildPhase;
			buildActionMask = 2147483647;
			files = (
				37794C4D29C38F8F00B23E8A /* LaunchScreen.storyboard in Resources */,
				37794C4A29C38F8F00B23E8A /* Assets.xcassets in Resources */,
				37794C4829C38F8D00B23E8A /* Main.storyboard in Resources */,
				370AAF2329C4FCDF00704074 /* Helvetica.ttc in Resources */,
			);
			runOnlyForDeploymentPostprocessing = 0;
		};
/* End PBXResourcesBuildPhase section */

/* Begin PBXSourcesBuildPhase section */
		37794C3929C38F8D00B23E8A /* Sources */ = {
			isa = PBXSourcesBuildPhase;
			buildActionMask = 2147483647;
			files = (
				37A2627729C92B49006E85F1 /* CHCSVParser.m in Sources */,
				37794C4529C38F8D00B23E8A /* ViewController.swift in Sources */,
				37794C4129C38F8D00B23E8A /* AppDelegate.swift in Sources */,
				37794C4329C38F8D00B23E8A /* SceneDelegate.swift in Sources */,
			);
			runOnlyForDeploymentPostprocessing = 0;
		};
/* End PBXSourcesBuildPhase section */

/* Begin PBXVariantGroup section */
		37794C4629C38F8D00B23E8A /* Main.storyboard */ = {
			isa = PBXVariantGroup;
			children = (
				37794C4729C38F8D00B23E8A /* Base */,
			);
			name = Main.storyboard;
			sourceTree = "<group>";
		};
		37794C4B29C38F8F00B23E8A /* LaunchScreen.storyboard */ = {
			isa = PBXVariantGroup;
			children = (
				37794C4C29C38F8F00B23E8A /* Base */,
			);
			name = LaunchScreen.storyboard;
			sourceTree = "<group>";
		};
/* End PBXVariantGroup section */

/* Begin XCBuildConfiguration section */
		37794C4F29C38F8F00B23E8A /* Debug */ = {
			isa = XCBuildConfiguration;
			buildSettings = {
				ALWAYS_SEARCH_USER_PATHS = NO;
				CLANG_ANALYZER_NONNULL = YES;
				CLANG_ANALYZER_NUMBER_OBJECT_CONVERSION = YES_AGGRESSIVE;
				CLANG_CXX_LANGUAGE_STANDARD = "gnu++20";
				CLANG_ENABLE_MODULES = YES;
				CLANG_ENABLE_OBJC_ARC = YES;
				CLANG_ENABLE_OBJC_WEAK = YES;
				CLANG_WARN_BLOCK_CAPTURE_AUTORELEASING = YES;
				CLANG_WARN_BOOL_CONVERSION = YES;
				CLANG_WARN_COMMA = YES;
				CLANG_WARN_CONSTANT_CONVERSION = YES;
				CLANG_WARN_DEPRECATED_OBJC_IMPLEMENTATIONS = YES;
				CLANG_WARN_DIRECT_OBJC_ISA_USAGE = YES_ERROR;
				CLANG_WARN_DOCUMENTATION_COMMENTS = YES;
				CLANG_WARN_EMPTY_BODY = YES;
				CLANG_WARN_ENUM_CONVERSION = YES;
				CLANG_WARN_INFINITE_RECURSION = YES;
				CLANG_WARN_INT_CONVERSION = YES;
				CLANG_WARN_NON_LITERAL_NULL_CONVERSION = YES;
				CLANG_WARN_OBJC_IMPLICIT_RETAIN_SELF = YES;
				CLANG_WARN_OBJC_LITERAL_CONVERSION = YES;
				CLANG_WARN_OBJC_ROOT_CLASS = YES_ERROR;
				CLANG_WARN_QUOTED_INCLUDE_IN_FRAMEWORK_HEADER = YES;
				CLANG_WARN_RANGE_LOOP_ANALYSIS = YES;
				CLANG_WARN_STRICT_PROTOTYPES = YES;
				CLANG_WARN_SUSPICIOUS_MOVE = YES;
				CLANG_WARN_UNGUARDED_AVAILABILITY = YES_AGGRESSIVE;
				CLANG_WARN_UNREACHABLE_CODE = YES;
				CLANG_WARN__DUPLICATE_METHOD_MATCH = YES;
				COPY_PHASE_STRIP = NO;
				DEBUG_INFORMATION_FORMAT = dwarf;
				ENABLE_STRICT_OBJC_MSGSEND = YES;
				ENABLE_TESTABILITY = YES;
				GCC_C_LANGUAGE_STANDARD = gnu11;
				GCC_DYNAMIC_NO_PIC = NO;
				GCC_NO_COMMON_BLOCKS = YES;
				GCC_OPTIMIZATION_LEVEL = 0;
				GCC_PREPROCESSOR_DEFINITIONS = (
					"DEBUG=1",
					"$(inherited)",
				);
				GCC_WARN_64_TO_32_BIT_CONVERSION = YES;
				GCC_WARN_ABOUT_RETURN_TYPE = YES_ERROR;
				GCC_WARN_UNDECLARED_SELECTOR = YES;
				GCC_WARN_UNINITIALIZED_AUTOS = YES_AGGRESSIVE;
				GCC_WARN_UNUSED_FUNCTION = YES;
				GCC_WARN_UNUSED_VARIABLE = YES;
				IPHONEOS_DEPLOYMENT_TARGET = 16.1;
				MTL_ENABLE_DEBUG_INFO = INCLUDE_SOURCE;
				MTL_FAST_MATH = YES;
				ONLY_ACTIVE_ARCH = YES;
				SDKROOT = iphoneos;
				SWIFT_ACTIVE_COMPILATION_CONDITIONS = DEBUG;
				SWIFT_OPTIMIZATION_LEVEL = "-Onone";
			};
			name = Debug;
		};
		37794C5029C38F8F00B23E8A /* Release */ = {
			isa = XCBuildConfiguration;
			buildSettings = {
				ALWAYS_SEARCH_USER_PATHS = NO;
				CLANG_ANALYZER_NONNULL = YES;
				CLANG_ANALYZER_NUMBER_OBJECT_CONVERSION = YES_AGGRESSIVE;
				CLANG_CXX_LANGUAGE_STANDARD = "gnu++20";
				CLANG_ENABLE_MODULES = YES;
				CLANG_ENABLE_OBJC_ARC = YES;
				CLANG_ENABLE_OBJC_WEAK = YES;
				CLANG_WARN_BLOCK_CAPTURE_AUTORELEASING = YES;
				CLANG_WARN_BOOL_CONVERSION = YES;
				CLANG_WARN_COMMA = YES;
				CLANG_WARN_CONSTANT_CONVERSION = YES;
				CLANG_WARN_DEPRECATED_OBJC_IMPLEMENTATIONS = YES;
				CLANG_WARN_DIRECT_OBJC_ISA_USAGE = YES_ERROR;
				CLANG_WARN_DOCUMENTATION_COMMENTS = YES;
				CLANG_WARN_EMPTY_BODY = YES;
				CLANG_WARN_ENUM_CONVERSION = YES;
				CLANG_WARN_INFINITE_RECURSION = YES;
				CLANG_WARN_INT_CONVERSION = YES;
				CLANG_WARN_NON_LITERAL_NULL_CONVERSION = YES;
				CLANG_WARN_OBJC_IMPLICIT_RETAIN_SELF = YES;
				CLANG_WARN_OBJC_LITERAL_CONVERSION = YES;
				CLANG_WARN_OBJC_ROOT_CLASS = YES_ERROR;
				CLANG_WARN_QUOTED_INCLUDE_IN_FRAMEWORK_HEADER = YES;
				CLANG_WARN_RANGE_LOOP_ANALYSIS = YES;
				CLANG_WARN_STRICT_PROTOTYPES = YES;
				CLANG_WARN_SUSPICIOUS_MOVE = YES;
				CLANG_WARN_UNGUARDED_AVAILABILITY = YES_AGGRESSIVE;
				CLANG_WARN_UNREACHABLE_CODE = YES;
				CLANG_WARN__DUPLICATE_METHOD_MATCH = YES;
				COPY_PHASE_STRIP = NO;
				DEBUG_INFORMATION_FORMAT = "dwarf-with-dsym";
				ENABLE_NS_ASSERTIONS = NO;
				ENABLE_STRICT_OBJC_MSGSEND = YES;
				GCC_C_LANGUAGE_STANDARD = gnu11;
				GCC_NO_COMMON_BLOCKS = YES;
				GCC_WARN_64_TO_32_BIT_CONVERSION = YES;
				GCC_WARN_ABOUT_RETURN_TYPE = YES_ERROR;
				GCC_WARN_UNDECLARED_SELECTOR = YES;
				GCC_WARN_UNINITIALIZED_AUTOS = YES_AGGRESSIVE;
				GCC_WARN_UNUSED_FUNCTION = YES;
				GCC_WARN_UNUSED_VARIABLE = YES;
				IPHONEOS_DEPLOYMENT_TARGET = 16.1;
				MTL_ENABLE_DEBUG_INFO = NO;
				MTL_FAST_MATH = YES;
				SDKROOT = iphoneos;
				SWIFT_COMPILATION_MODE = wholemodule;
				SWIFT_OPTIMIZATION_LEVEL = "-O";
				VALIDATE_PRODUCT = YES;
			};
			name = Release;
		};
		37794C5229C38F8F00B23E8A /* Debug */ = {
			isa = XCBuildConfiguration;
			buildSettings = {
				ASSETCATALOG_COMPILER_APPICON_NAME = AppIcon;
				ASSETCATALOG_COMPILER_GLOBAL_ACCENT_COLOR_NAME = AccentColor;
				CLANG_ENABLE_MODULES = YES;
				CODE_SIGN_STYLE = Automatic;
				CURRENT_PROJECT_VERSION = 1;
				DEVELOPMENT_TEAM = ZV83F2R479;
				GENERATE_INFOPLIST_FILE = YES;
				INFOPLIST_FILE = CoreLocashun/Info.plist;
				INFOPLIST_KEY_NSLocationAlwaysAndWhenInUseUsageDescription = "We need your location to conduct aerial surveys.";
				INFOPLIST_KEY_NSLocationWhenInUseUsageDescription = "We need your location to conduct aerial surveys.";
				INFOPLIST_KEY_UIApplicationSupportsIndirectInputEvents = YES;
				INFOPLIST_KEY_UILaunchStoryboardName = LaunchScreen;
				INFOPLIST_KEY_UIMainStoryboardFile = Main;
				INFOPLIST_KEY_UISupportedInterfaceOrientations_iPad = "UIInterfaceOrientationPortrait UIInterfaceOrientationPortraitUpsideDown UIInterfaceOrientationLandscapeLeft UIInterfaceOrientationLandscapeRight";
				INFOPLIST_KEY_UISupportedInterfaceOrientations_iPhone = "UIInterfaceOrientationPortrait UIInterfaceOrientationLandscapeLeft UIInterfaceOrientationLandscapeRight";
				IPHONEOS_DEPLOYMENT_TARGET = 16.0;
				LD_RUNPATH_SEARCH_PATHS = (
					"$(inherited)",
					"@executable_path/Frameworks",
				);
				MARKETING_VERSION = 1.0;
				PRODUCT_BUNDLE_IDENTIFIER = edu.fau.dzimmerman.CoreLocashun;
				PRODUCT_NAME = "$(TARGET_NAME)";
				SWIFT_EMIT_LOC_STRINGS = YES;
				SWIFT_OBJC_BRIDGING_HEADER = "CoreLocashun/CoreLocashun-Bridging-Header.h";
				SWIFT_OPTIMIZATION_LEVEL = "-Onone";
				SWIFT_VERSION = 5.0;
				TARGETED_DEVICE_FAMILY = "1,2";
			};
			name = Debug;
		};
		37794C5329C38F8F00B23E8A /* Release */ = {
			isa = XCBuildConfiguration;
			buildSettings = {
				ASSETCATALOG_COMPILER_APPICON_NAME = AppIcon;
				ASSETCATALOG_COMPILER_GLOBAL_ACCENT_COLOR_NAME = AccentColor;
				CLANG_ENABLE_MODULES = YES;
				CODE_SIGN_STYLE = Automatic;
				CURRENT_PROJECT_VERSION = 1;
				DEVELOPMENT_TEAM = ZV83F2R479;
				GENERATE_INFOPLIST_FILE = YES;
				INFOPLIST_FILE = CoreLocashun/Info.plist;
				INFOPLIST_KEY_NSLocationAlwaysAndWhenInUseUsageDescription = "We need your location to conduct aerial surveys.";
				INFOPLIST_KEY_NSLocationWhenInUseUsageDescription = "We need your location to conduct aerial surveys.";
				INFOPLIST_KEY_UIApplicationSupportsIndirectInputEvents = YES;
				INFOPLIST_KEY_UILaunchStoryboardName = LaunchScreen;
				INFOPLIST_KEY_UIMainStoryboardFile = Main;
				INFOPLIST_KEY_UISupportedInterfaceOrientations_iPad = "UIInterfaceOrientationPortrait UIInterfaceOrientationPortraitUpsideDown UIInterfaceOrientationLandscapeLeft UIInterfaceOrientationLandscapeRight";
				INFOPLIST_KEY_UISupportedInterfaceOrientations_iPhone = "UIInterfaceOrientationPortrait UIInterfaceOrientationLandscapeLeft UIInterfaceOrientationLandscapeRight";
				IPHONEOS_DEPLOYMENT_TARGET = 16.0;
				LD_RUNPATH_SEARCH_PATHS = (
					"$(inherited)",
					"@executable_path/Frameworks",
				);
				MARKETING_VERSION = 1.0;
				PRODUCT_BUNDLE_IDENTIFIER = edu.fau.dzimmerman.CoreLocashun;
				PRODUCT_NAME = "$(TARGET_NAME)";
				SWIFT_EMIT_LOC_STRINGS = YES;
				SWIFT_OBJC_BRIDGING_HEADER = "CoreLocashun/CoreLocashun-Bridging-Header.h";
				SWIFT_VERSION = 5.0;
				TARGETED_DEVICE_FAMILY = "1,2";
			};
			name = Release;
		};
/* End XCBuildConfiguration section */

/* Begin XCConfigurationList section */
		37794C3829C38F8D00B23E8A /* Build configuration list for PBXProject "CoreLocashun" */ = {
			isa = XCConfigurationList;
			buildConfigurations = (
				37794C4F29C38F8F00B23E8A /* Debug */,
				37794C5029C38F8F00B23E8A /* Release */,
			);
			defaultConfigurationIsVisible = 0;
			defaultConfigurationName = Release;
		};
		37794C5129C38F8F00B23E8A /* Build configuration list for PBXNativeTarget "CoreLocashun" */ = {
			isa = XCConfigurationList;
			buildConfigurations = (
				37794C5229C38F8F00B23E8A /* Debug */,
				37794C5329C38F8F00B23E8A /* Release */,
			);
			defaultConfigurationIsVisible = 0;
			defaultConfigurationName = Release;
		};
/* End XCConfigurationList section */

/* Begin XCRemoteSwiftPackageReference section */
		37794C5429C490BF00B23E8A /* XCRemoteSwiftPackageReference "CSV.swift" */ = {
			isa = XCRemoteSwiftPackageReference;
			repositoryURL = "https://github.com/yaslab/CSV.swift.git";
			requirement = {
				kind = upToNextMinorVersion;
				minimumVersion = 2.4.0;
			};
		};
/* End XCRemoteSwiftPackageReference section */

/* Begin XCSwiftPackageProductDependency section */
		37794C5529C490BF00B23E8A /* CSV */ = {
			isa = XCSwiftPackageProductDependency;
			package = 37794C5429C490BF00B23E8A /* XCRemoteSwiftPackageReference "CSV.swift" */;
			productName = CSV;
		};
/* End XCSwiftPackageProductDependency section */
	};
	rootObject = 37794C3529C38F8D00B23E8A /* Project object */;
}
